{
  "name": "prismic-nuxt",
  "version": "0.0.1",
  "lockfileVersion": 1,
  "requires": true,
  "dependencies": {
    "cross-fetch": {
      "version": "2.2.2",
      "resolved": "https://registry.npmjs.org/cross-fetch/-/cross-fetch-2.2.2.tgz",
      "integrity": "sha1-pH/09/xxLauo9qaVoRyUhEDUVyM=",
      "requires": {
        "node-fetch": "2.1.2",
        "whatwg-fetch": "2.0.4"
      }
    },
    "escape-html": {
      "version": "1.0.3",
      "resolved": "https://registry.npmjs.org/escape-html/-/escape-html-1.0.3.tgz",
      "integrity": "sha1-Aljq5NPQwJdN4cFpGI7wBR0dGYg="
    },
    "node-fetch": {
      "version": "2.1.2",
      "resolved": "http://registry.npmjs.org/node-fetch/-/node-fetch-2.1.2.tgz",
      "integrity": "sha1-q4hOjn5X44qUR1POxwb3iNF2i7U="
    },
    "prismic-dom": {
      "version": "2.1.0",
      "resolved": "https://registry.npmjs.org/prismic-dom/-/prismic-dom-2.1.0.tgz",
      "integrity": "sha512-SHXaVYiGC0IehnnTjLXWMAG2FBPRsNpMU04iGI05ByLZRJR1P2PKegQL/BjpnfHpCuucdEZxvehqsOMwA/ZGvg==",
      "requires": {
        "escape-html": "1.0.3",
        "prismic-helpers": "^1.0.0",
        "prismic-richtext": "^0.4.2"
      }
    },
    "prismic-helpers": {
      "version": "1.0.0",
      "resolved": "https://registry.npmjs.org/prismic-helpers/-/prismic-helpers-1.0.0.tgz",
      "integrity": "sha1-gzdCDPGH9V+3t6i+dVUjyGlvwyk="
    },
    "prismic-javascript": {
      "version": "1.5.0",
      "resolved": "https://registry.npmjs.org/prismic-javascript/-/prismic-javascript-1.5.0.tgz",
      "integrity": "sha512-S6Ng6PocjBC7FrhfmkrlOsHWPL3011rhsrHbBedVK6iHqYljFiAegh1Bti0eqGwXh3rhkVFGURrQlubidNOEsg==",
      "requires": {
        "cross-fetch": "^2.2.0",
        "promise-polyfill": "8.0.0"
      }
    },
    "prismic-richtext": {
      "version": "0.4.2",
      "resolved": "https://registry.npmjs.org/prismic-richtext/-/prismic-richtext-0.4.2.tgz",
      "integrity": "sha512-+6frCZktVUHX+IA2a/s4EUukVvlLwjgdsJPRVkZmq/inaR1NVnjTHqM9l81QGEXAlTO5Jhzk0hhQBL1Pj73TYw==",
      "requires": {
        "ramda": "^0.25.0",
        "uuid": "^3.1.0"
      }
    },
    "promise-polyfill": {
      "version": "8.0.0",
      "resolved": "https://registry.npmjs.org/promise-polyfill/-/promise-polyfill-8.0.0.tgz",
      "integrity": "sha512-QGmPnw2hDEaRS6freHynJ7nfS1nDg0/P0c/CGglA43utoJjYQMiY9ojEpK0HaJ4wbUztdmwqQRlEfGWdsEQ5uQ=="
    },
    "ramda": {
      "version": "0.25.0",
      "resolved": "https://registry.npmjs.org/ramda/-/ramda-0.25.0.tgz",
      "integrity": "sha512-GXpfrYVPwx3K7RQ6aYT8KPS8XViSXUVJT1ONhoKPE9VAleW42YE+U+8VEyGWt41EnEQW7gwecYJriTI0pKoecQ=="
    },
    "uuid": {
      "version": "3.3.2",
      "resolved": "https://registry.npmjs.org/uuid/-/uuid-3.3.2.tgz",
      "integrity": "sha512-yXJmeNaw3DnnKAOKJE51sL/ZaYfWJRl1pK9dr19YFCu0ObS231AB1/LbqTKRAQ5kw8A90rA6fr4riOUpTZvQZA=="
    },
    "whatwg-fetch": {
      "version": "2.0.4",
      "resolved": "https://registry.npmjs.org/whatwg-fetch/-/whatwg-fetch-2.0.4.tgz",
      "integrity": "sha512-dcQ1GWpOD/eEQ97k66aiEVpNnapVj90/+R+SXTPYGHpYBBypfKJEQjLrvMZ7YXbKm21gXd4NcuxUTjiv1YtLng=="
    }
  }
}
